
Microsoft Visual Studio Solution File, Format Version 12.00
# Visual Studio 2012
Project("{FAE04EC0-301F-11D3-BF4B-00C04F79EFBC}") = "FutureReminders", "FutureReminders\FutureReminders.csproj", "{FF7316DD-3DB9-4716-A383-682BF7CA867C}"
EndProject
Project("{FAE04EC0-301F-11D3-BF4B-00C04F79EFBC}") = "FutureReminders.Tests", "FutureReminders.Tests\FutureReminders.Tests.csproj", "{7D40E512-0A5F-4ECB-9C3B-47A2A5A24DBC}"
EndProject
Global
	GlobalSection(SolutionConfigurationPlatforms) = preSolution
		Debug|Any CPU = Debug|Any CPU
		Release|Any CPU = Release|Any CPU
	EndGlobalSection
	GlobalSection(ProjectConfigurationPlatforms) = postSolution
		{FF7316DD-3DB9-4716-A383-682BF7CA867C}.Debug|Any CPU.ActiveCfg = Debug|Any CPU
		{FF7316DD-3DB9-4716-A383-682BF7CA867C}.Debug|Any CPU.Build.0 = Debug|Any CPU
		{FF7316DD-3DB9-4716-A383-682BF7CA867C}.Release|Any CPU.ActiveCfg = Release|Any CPU
		{FF7316DD-3DB9-4716-A383-682BF7CA867C}.Release|Any CPU.Build.0 = Release|Any CPU
		{7D40E512-0A5F-4ECB-9C3B-47A2A5A24DBC}.Debug|Any CPU.ActiveCfg = Debug|Any CPU
		{7D40E512-0A5F-4ECB-9C3B-47A2A5A24DBC}.Debug|Any CPU.Build.0 = Debug|Any CPU
		{7D40E512-0A5F-4ECB-9C3B-47A2A5A24DBC}.Release|Any CPU.ActiveCfg = Release|Any CPU
		{7D40E512-0A5F-4ECB-9C3B-47A2A5A24DBC}.Release|Any CPU.Build.0 = Release|Any CPU
	EndGlobalSection
	GlobalSection(SolutionProperties) = preSolution
		HideSolutionNode = FALSE
	EndGlobalSection
EndGlobal
